
Microsoft Visual Studio Solution File, Format Version 12.00
# Visual Studio Version 16
VisualStudioVersion = 16.0.30717.126
MinimumVisualStudioVersion = 10.0.40219.1
Project("{9A19103F-16F7-4668-BE54-9A1E7A4F7556}") = "VirtualUniverse.Security.Cryptography", "VirtualUniverse.Security.Cryptography\VirtualUniverse.Security.Cryptography.csproj", "{643EAA03-D31C-4437-B65A-7CA3A139A15C}"
EndProject
Project("{9A19103F-16F7-4668-BE54-9A1E7A4F7556}") = "VirtualUniverse.Security.JWT", "VirtualUniverse.Security.JWT\VirtualUniverse.Security.JWT.csproj", "{EACB2FA5-A831-45E3-834B-AF92305FA650}"
EndProject
Project("{9A19103F-16F7-4668-BE54-9A1E7A4F7556}") = "VirtualUniverse.Security.Permission", "VirtualUniverse.Security.Permission\VirtualUniverse.Security.Permission.csproj", "{CA4A6A04-6D88-4D77-8788-EB103C536DFC}"
EndProject
Global
	GlobalSection(SolutionConfigurationPlatforms) = preSolution
		Debug|Any CPU = Debug|Any CPU
		Release|Any CPU = Release|Any CPU
	EndGlobalSection
	GlobalSection(ProjectConfigurationPlatforms) = postSolution
		{643EAA03-D31C-4437-B65A-7CA3A139A15C}.Debug|Any CPU.ActiveCfg = Debug|Any CPU
		{643EAA03-D31C-4437-B65A-7CA3A139A15C}.Debug|Any CPU.Build.0 = Debug|Any CPU
		{643EAA03-D31C-4437-B65A-7CA3A139A15C}.Release|Any CPU.ActiveCfg = Release|Any CPU
		{643EAA03-D31C-4437-B65A-7CA3A139A15C}.Release|Any CPU.Build.0 = Release|Any CPU
		{EACB2FA5-A831-45E3-834B-AF92305FA650}.Debug|Any CPU.ActiveCfg = Debug|Any CPU
		{EACB2FA5-A831-45E3-834B-AF92305FA650}.Debug|Any CPU.Build.0 = Debug|Any CPU
		{EACB2FA5-A831-45E3-834B-AF92305FA650}.Release|Any CPU.ActiveCfg = Release|Any CPU
		{EACB2FA5-A831-45E3-834B-AF92305FA650}.Release|Any CPU.Build.0 = Release|Any CPU
		{CA4A6A04-6D88-4D77-8788-EB103C536DFC}.Debug|Any CPU.ActiveCfg = Debug|Any CPU
		{CA4A6A04-6D88-4D77-8788-EB103C536DFC}.Debug|Any CPU.Build.0 = Debug|Any CPU
		{CA4A6A04-6D88-4D77-8788-EB103C536DFC}.Release|Any CPU.ActiveCfg = Release|Any CPU
		{CA4A6A04-6D88-4D77-8788-EB103C536DFC}.Release|Any CPU.Build.0 = Release|Any CPU
	EndGlobalSection
	GlobalSection(SolutionProperties) = preSolution
		HideSolutionNode = FALSE
	EndGlobalSection
	GlobalSection(ExtensibilityGlobals) = postSolution
		SolutionGuid = {F8DE082E-AABC-4776-9379-7807ECBD0D93}
	EndGlobalSection
EndGlobal
