
Microsoft Visual Studio Solution File, Format Version 12.00
# Visual Studio Version 16
VisualStudioVersion = 16.0.30503.244
MinimumVisualStudioVersion = 10.0.40219.1
Project("{9A19103F-16F7-4668-BE54-9A1E7A4F7556}") = "VirtualUniverse.Convert", "VirtualUniverse.Convert\VirtualUniverse.Convert.csproj", "{9B3D3D62-DF6A-4CF4-9359-2C766A9B9DB2}"
EndProject
Project("{9A19103F-16F7-4668-BE54-9A1E7A4F7556}") = "Test", "Test\Test.csproj", "{7D41C2EE-1A1B-4515-9574-2A97CA925916}"
EndProject
Global
	GlobalSection(SolutionConfigurationPlatforms) = preSolution
		Debug|Any CPU = Debug|Any CPU
		Release|Any CPU = Release|Any CPU
	EndGlobalSection
	GlobalSection(ProjectConfigurationPlatforms) = postSolution
		{9B3D3D62-DF6A-4CF4-9359-2C766A9B9DB2}.Debug|Any CPU.ActiveCfg = Debug|Any CPU
		{9B3D3D62-DF6A-4CF4-9359-2C766A9B9DB2}.Debug|Any CPU.Build.0 = Debug|Any CPU
		{9B3D3D62-DF6A-4CF4-9359-2C766A9B9DB2}.Release|Any CPU.ActiveCfg = Release|Any CPU
		{9B3D3D62-DF6A-4CF4-9359-2C766A9B9DB2}.Release|Any CPU.Build.0 = Release|Any CPU
		{7D41C2EE-1A1B-4515-9574-2A97CA925916}.Debug|Any CPU.ActiveCfg = Debug|Any CPU
		{7D41C2EE-1A1B-4515-9574-2A97CA925916}.Debug|Any CPU.Build.0 = Debug|Any CPU
		{7D41C2EE-1A1B-4515-9574-2A97CA925916}.Release|Any CPU.ActiveCfg = Release|Any CPU
		{7D41C2EE-1A1B-4515-9574-2A97CA925916}.Release|Any CPU.Build.0 = Release|Any CPU
	EndGlobalSection
	GlobalSection(SolutionProperties) = preSolution
		HideSolutionNode = FALSE
	EndGlobalSection
	GlobalSection(ExtensibilityGlobals) = postSolution
		SolutionGuid = {1C31873E-4E62-486E-A1C7-38924C3B1BC5}
	EndGlobalSection
EndGlobal
