
Microsoft Visual Studio Solution File, Format Version 12.00
# Visual Studio Version 16
VisualStudioVersion = 16.0.29418.71
MinimumVisualStudioVersion = 10.0.40219.1
Project("{9A19103F-16F7-4668-BE54-9A1E7A4F7556}") = "AmazedConfiguration", "AmazedConfiguration\AmazedConfiguration.csproj", "{585131D3-9B5A-4A68-AE2E-53E5A6090F75}"
EndProject
Project("{9A19103F-16F7-4668-BE54-9A1E7A4F7556}") = "AmazedDataContext", "AmazedDataContext\AmazedDataContext.csproj", "{8A201998-CB22-469D-B6C1-D615F3C62434}"
EndProject
Project("{9A19103F-16F7-4668-BE54-9A1E7A4F7556}") = "AmazedMath", "AmazedMath\AmazedMath.csproj", "{7403FBE3-9CD1-4A35-A261-914768B9C867}"
EndProject
Project("{9A19103F-16F7-4668-BE54-9A1E7A4F7556}") = "AmazedModelResult", "AmazedModelResult\AmazedModelResult.csproj", "{3DB2F332-7B8F-49C7-8FB0-AD2825FACCB7}"
EndProject
Project("{9A19103F-16F7-4668-BE54-9A1E7A4F7556}") = "AmazedSocket", "AmazedSocket\AmazedSocket.csproj", "{C54DA775-B178-48CD-A7B7-6BA1E7ADA54B}"
EndProject
Project("{9A19103F-16F7-4668-BE54-9A1E7A4F7556}") = "AmazedSecurity", "AmazedSecurity\AmazedSecurity.csproj", "{7285953D-57A3-4C01-B4F9-20EEE18AAFF0}"
EndProject
Project("{9A19103F-16F7-4668-BE54-9A1E7A4F7556}") = "AmazedVerifyCode", "AmazedVerifyCode\AmazedVerifyCode.csproj", "{4F9E3CC8-8E4F-4770-90B4-3BD25C80679F}"
EndProject
Project("{9A19103F-16F7-4668-BE54-9A1E7A4F7556}") = "AmazedExtension", "AmazedExtension\AmazedExtension.csproj", "{2ADEA7B4-5B13-4FE2-B93F-24FC0076BA52}"
EndProject
Project("{9A19103F-16F7-4668-BE54-9A1E7A4F7556}") = "AmazedConvert", "AmazedConvert\AmazedConvert.csproj", "{BFF0F0AC-5E1F-491C-BAA5-AFA5275D0C36}"
EndProject
Project("{9A19103F-16F7-4668-BE54-9A1E7A4F7556}") = "AmazedPictureProcessing", "AmazedPictureProcessing\AmazedPictureProcessing.csproj", "{E9987814-1326-4D9C-8E84-CB5CA7D45C79}"
EndProject
Project("{9A19103F-16F7-4668-BE54-9A1E7A4F7556}") = "AmazedFileCompression", "AmazedFileCompression\AmazedFileCompression.csproj", "{4924E053-1FF7-4C88-8CFF-86731551AD24}"
EndProject
Project("{9A19103F-16F7-4668-BE54-9A1E7A4F7556}") = "AmazedAlgorithm", "AmazedAlgorithm\AmazedAlgorithm.csproj", "{A8490499-ACD2-4FC0-A4C3-47E97697B6C5}"
EndProject
Project("{9A19103F-16F7-4668-BE54-9A1E7A4F7556}") = "AmazedDataValidation", "AmazedDataValidation\AmazedDataValidation.csproj", "{2351FBF7-9022-4BC7-84D0-9D68FDC7779A}"
EndProject
Project("{9A19103F-16F7-4668-BE54-9A1E7A4F7556}") = "AmazedFilter", "AmazedFilter\AmazedFilter.csproj", "{CC8EC1BA-8989-4E02-B770-19C5482C00F2}"
EndProject
Project("{9A19103F-16F7-4668-BE54-9A1E7A4F7556}") = "NUnitTestAmazedUtil", "NUnitTestAmazedUtil\NUnitTestAmazedUtil.csproj", "{146A2A0C-B64B-46BE-AAC8-7CD7DBF0441B}"
EndProject
Project("{9A19103F-16F7-4668-BE54-9A1E7A4F7556}") = "AmazedService", "AmazedService\AmazedService.csproj", "{6D2FC7D6-DD19-4FC8-A048-54FF258F8ED0}"
EndProject
Project("{9A19103F-16F7-4668-BE54-9A1E7A4F7556}") = "AmazedID3Analysis", "AmazedID3Analysis\AmazedID3Analysis.csproj", "{FC18A40F-1035-45EE-BF75-00B9F96C5E8E}"
EndProject
Project("{9A19103F-16F7-4668-BE54-9A1E7A4F7556}") = "GRpcClient", "..\GRpcServices\GRpcClient\GRpcClient.csproj", "{26AE68B0-407C-4F0D-A94F-E3BF9B799DEC}"
EndProject
Project("{FAE04EC0-301F-11D3-BF4B-00C04F79EFBC}") = "AmazedGeneralData", "AmazedGeneralData\AmazedGeneralData.csproj", "{7A2AC9DD-44C7-4BFF-9209-7F13A921D42E}"
EndProject
Global
	GlobalSection(SolutionConfigurationPlatforms) = preSolution
		Debug|Any CPU = Debug|Any CPU
		Release|Any CPU = Release|Any CPU
	EndGlobalSection
	GlobalSection(ProjectConfigurationPlatforms) = postSolution
		{585131D3-9B5A-4A68-AE2E-53E5A6090F75}.Debug|Any CPU.ActiveCfg = Debug|Any CPU
		{585131D3-9B5A-4A68-AE2E-53E5A6090F75}.Debug|Any CPU.Build.0 = Debug|Any CPU
		{585131D3-9B5A-4A68-AE2E-53E5A6090F75}.Release|Any CPU.ActiveCfg = Release|Any CPU
		{585131D3-9B5A-4A68-AE2E-53E5A6090F75}.Release|Any CPU.Build.0 = Release|Any CPU
		{8A201998-CB22-469D-B6C1-D615F3C62434}.Debug|Any CPU.ActiveCfg = Debug|Any CPU
		{8A201998-CB22-469D-B6C1-D615F3C62434}.Debug|Any CPU.Build.0 = Debug|Any CPU
		{8A201998-CB22-469D-B6C1-D615F3C62434}.Release|Any CPU.ActiveCfg = Release|Any CPU
		{8A201998-CB22-469D-B6C1-D615F3C62434}.Release|Any CPU.Build.0 = Release|Any CPU
		{7403FBE3-9CD1-4A35-A261-914768B9C867}.Debug|Any CPU.ActiveCfg = Debug|Any CPU
		{7403FBE3-9CD1-4A35-A261-914768B9C867}.Debug|Any CPU.Build.0 = Debug|Any CPU
		{7403FBE3-9CD1-4A35-A261-914768B9C867}.Release|Any CPU.ActiveCfg = Release|Any CPU
		{7403FBE3-9CD1-4A35-A261-914768B9C867}.Release|Any CPU.Build.0 = Release|Any CPU
		{3DB2F332-7B8F-49C7-8FB0-AD2825FACCB7}.Debug|Any CPU.ActiveCfg = Debug|Any CPU
		{3DB2F332-7B8F-49C7-8FB0-AD2825FACCB7}.Debug|Any CPU.Build.0 = Debug|Any CPU
		{3DB2F332-7B8F-49C7-8FB0-AD2825FACCB7}.Release|Any CPU.ActiveCfg = Release|Any CPU
		{3DB2F332-7B8F-49C7-8FB0-AD2825FACCB7}.Release|Any CPU.Build.0 = Release|Any CPU
		{C54DA775-B178-48CD-A7B7-6BA1E7ADA54B}.Debug|Any CPU.ActiveCfg = Debug|Any CPU
		{C54DA775-B178-48CD-A7B7-6BA1E7ADA54B}.Debug|Any CPU.Build.0 = Debug|Any CPU
		{C54DA775-B178-48CD-A7B7-6BA1E7ADA54B}.Release|Any CPU.ActiveCfg = Release|Any CPU
		{C54DA775-B178-48CD-A7B7-6BA1E7ADA54B}.Release|Any CPU.Build.0 = Release|Any CPU
		{7285953D-57A3-4C01-B4F9-20EEE18AAFF0}.Debug|Any CPU.ActiveCfg = Debug|Any CPU
		{7285953D-57A3-4C01-B4F9-20EEE18AAFF0}.Debug|Any CPU.Build.0 = Debug|Any CPU
		{7285953D-57A3-4C01-B4F9-20EEE18AAFF0}.Release|Any CPU.ActiveCfg = Release|Any CPU
		{7285953D-57A3-4C01-B4F9-20EEE18AAFF0}.Release|Any CPU.Build.0 = Release|Any CPU
		{4F9E3CC8-8E4F-4770-90B4-3BD25C80679F}.Debug|Any CPU.ActiveCfg = Debug|Any CPU
		{4F9E3CC8-8E4F-4770-90B4-3BD25C80679F}.Debug|Any CPU.Build.0 = Debug|Any CPU
		{4F9E3CC8-8E4F-4770-90B4-3BD25C80679F}.Release|Any CPU.ActiveCfg = Release|Any CPU
		{4F9E3CC8-8E4F-4770-90B4-3BD25C80679F}.Release|Any CPU.Build.0 = Release|Any CPU
		{2ADEA7B4-5B13-4FE2-B93F-24FC0076BA52}.Debug|Any CPU.ActiveCfg = Debug|Any CPU
		{2ADEA7B4-5B13-4FE2-B93F-24FC0076BA52}.Debug|Any CPU.Build.0 = Debug|Any CPU
		{2ADEA7B4-5B13-4FE2-B93F-24FC0076BA52}.Release|Any CPU.ActiveCfg = Release|Any CPU
		{2ADEA7B4-5B13-4FE2-B93F-24FC0076BA52}.Release|Any CPU.Build.0 = Release|Any CPU
		{BFF0F0AC-5E1F-491C-BAA5-AFA5275D0C36}.Debug|Any CPU.ActiveCfg = Debug|Any CPU
		{BFF0F0AC-5E1F-491C-BAA5-AFA5275D0C36}.Debug|Any CPU.Build.0 = Debug|Any CPU
		{BFF0F0AC-5E1F-491C-BAA5-AFA5275D0C36}.Release|Any CPU.ActiveCfg = Release|Any CPU
		{BFF0F0AC-5E1F-491C-BAA5-AFA5275D0C36}.Release|Any CPU.Build.0 = Release|Any CPU
		{E9987814-1326-4D9C-8E84-CB5CA7D45C79}.Debug|Any CPU.ActiveCfg = Debug|Any CPU
		{E9987814-1326-4D9C-8E84-CB5CA7D45C79}.Debug|Any CPU.Build.0 = Debug|Any CPU
		{E9987814-1326-4D9C-8E84-CB5CA7D45C79}.Release|Any CPU.ActiveCfg = Release|Any CPU
		{E9987814-1326-4D9C-8E84-CB5CA7D45C79}.Release|Any CPU.Build.0 = Release|Any CPU
		{4924E053-1FF7-4C88-8CFF-86731551AD24}.Debug|Any CPU.ActiveCfg = Debug|Any CPU
		{4924E053-1FF7-4C88-8CFF-86731551AD24}.Debug|Any CPU.Build.0 = Debug|Any CPU
		{4924E053-1FF7-4C88-8CFF-86731551AD24}.Release|Any CPU.ActiveCfg = Release|Any CPU
		{4924E053-1FF7-4C88-8CFF-86731551AD24}.Release|Any CPU.Build.0 = Release|Any CPU
		{A8490499-ACD2-4FC0-A4C3-47E97697B6C5}.Debug|Any CPU.ActiveCfg = Debug|Any CPU
		{A8490499-ACD2-4FC0-A4C3-47E97697B6C5}.Debug|Any CPU.Build.0 = Debug|Any CPU
		{A8490499-ACD2-4FC0-A4C3-47E97697B6C5}.Release|Any CPU.ActiveCfg = Release|Any CPU
		{A8490499-ACD2-4FC0-A4C3-47E97697B6C5}.Release|Any CPU.Build.0 = Release|Any CPU
		{2351FBF7-9022-4BC7-84D0-9D68FDC7779A}.Debug|Any CPU.ActiveCfg = Debug|Any CPU
		{2351FBF7-9022-4BC7-84D0-9D68FDC7779A}.Debug|Any CPU.Build.0 = Debug|Any CPU
		{2351FBF7-9022-4BC7-84D0-9D68FDC7779A}.Release|Any CPU.ActiveCfg = Release|Any CPU
		{2351FBF7-9022-4BC7-84D0-9D68FDC7779A}.Release|Any CPU.Build.0 = Release|Any CPU
		{CC8EC1BA-8989-4E02-B770-19C5482C00F2}.Debug|Any CPU.ActiveCfg = Debug|Any CPU
		{CC8EC1BA-8989-4E02-B770-19C5482C00F2}.Debug|Any CPU.Build.0 = Debug|Any CPU
		{CC8EC1BA-8989-4E02-B770-19C5482C00F2}.Release|Any CPU.ActiveCfg = Release|Any CPU
		{CC8EC1BA-8989-4E02-B770-19C5482C00F2}.Release|Any CPU.Build.0 = Release|Any CPU
		{146A2A0C-B64B-46BE-AAC8-7CD7DBF0441B}.Debug|Any CPU.ActiveCfg = Debug|Any CPU
		{146A2A0C-B64B-46BE-AAC8-7CD7DBF0441B}.Debug|Any CPU.Build.0 = Debug|Any CPU
		{146A2A0C-B64B-46BE-AAC8-7CD7DBF0441B}.Release|Any CPU.ActiveCfg = Release|Any CPU
		{146A2A0C-B64B-46BE-AAC8-7CD7DBF0441B}.Release|Any CPU.Build.0 = Release|Any CPU
		{6D2FC7D6-DD19-4FC8-A048-54FF258F8ED0}.Debug|Any CPU.ActiveCfg = Debug|Any CPU
		{6D2FC7D6-DD19-4FC8-A048-54FF258F8ED0}.Debug|Any CPU.Build.0 = Debug|Any CPU
		{6D2FC7D6-DD19-4FC8-A048-54FF258F8ED0}.Release|Any CPU.ActiveCfg = Release|Any CPU
		{6D2FC7D6-DD19-4FC8-A048-54FF258F8ED0}.Release|Any CPU.Build.0 = Release|Any CPU
		{FC18A40F-1035-45EE-BF75-00B9F96C5E8E}.Debug|Any CPU.ActiveCfg = Debug|Any CPU
		{FC18A40F-1035-45EE-BF75-00B9F96C5E8E}.Debug|Any CPU.Build.0 = Debug|Any CPU
		{FC18A40F-1035-45EE-BF75-00B9F96C5E8E}.Release|Any CPU.ActiveCfg = Release|Any CPU
		{FC18A40F-1035-45EE-BF75-00B9F96C5E8E}.Release|Any CPU.Build.0 = Release|Any CPU
		{26AE68B0-407C-4F0D-A94F-E3BF9B799DEC}.Debug|Any CPU.ActiveCfg = Debug|Any CPU
		{26AE68B0-407C-4F0D-A94F-E3BF9B799DEC}.Debug|Any CPU.Build.0 = Debug|Any CPU
		{26AE68B0-407C-4F0D-A94F-E3BF9B799DEC}.Release|Any CPU.ActiveCfg = Release|Any CPU
		{26AE68B0-407C-4F0D-A94F-E3BF9B799DEC}.Release|Any CPU.Build.0 = Release|Any CPU
		{7A2AC9DD-44C7-4BFF-9209-7F13A921D42E}.Debug|Any CPU.ActiveCfg = Debug|Any CPU
		{7A2AC9DD-44C7-4BFF-9209-7F13A921D42E}.Debug|Any CPU.Build.0 = Debug|Any CPU
		{7A2AC9DD-44C7-4BFF-9209-7F13A921D42E}.Release|Any CPU.ActiveCfg = Release|Any CPU
		{7A2AC9DD-44C7-4BFF-9209-7F13A921D42E}.Release|Any CPU.Build.0 = Release|Any CPU
	EndGlobalSection
	GlobalSection(SolutionProperties) = preSolution
		HideSolutionNode = FALSE
	EndGlobalSection
	GlobalSection(ExtensibilityGlobals) = postSolution
		SolutionGuid = {5906A681-A3CC-4E43-BF2F-B81E7F71E756}
	EndGlobalSection
EndGlobal
