
Microsoft Visual Studio Solution File, Format Version 12.00
# Visual Studio Version 16
VisualStudioVersion = 16.0.29418.71
MinimumVisualStudioVersion = 10.0.40219.1
Project("{FAE04EC0-301F-11D3-BF4B-00C04F79EFBC}") = "Util", "Util\Util.csproj", "{21389D93-B218-4217-BFBD-F721D2A0E89E}"
EndProject
Project("{FAE04EC0-301F-11D3-BF4B-00C04F79EFBC}") = "Main", "Main\Main.csproj", "{85DEF83C-98C1-412F-BE27-7BDDEECBFB96}"
EndProject
Global
	GlobalSection(SolutionConfigurationPlatforms) = preSolution
		Debug|Any CPU = Debug|Any CPU
		Release|Any CPU = Release|Any CPU
	EndGlobalSection
	GlobalSection(ProjectConfigurationPlatforms) = postSolution
		{21389D93-B218-4217-BFBD-F721D2A0E89E}.Debug|Any CPU.ActiveCfg = Debug|Any CPU
		{21389D93-B218-4217-BFBD-F721D2A0E89E}.Debug|Any CPU.Build.0 = Debug|Any CPU
		{21389D93-B218-4217-BFBD-F721D2A0E89E}.Release|Any CPU.ActiveCfg = Release|Any CPU
		{21389D93-B218-4217-BFBD-F721D2A0E89E}.Release|Any CPU.Build.0 = Release|Any CPU
		{85DEF83C-98C1-412F-BE27-7BDDEECBFB96}.Debug|Any CPU.ActiveCfg = Debug|Any CPU
		{85DEF83C-98C1-412F-BE27-7BDDEECBFB96}.Debug|Any CPU.Build.0 = Debug|Any CPU
		{85DEF83C-98C1-412F-BE27-7BDDEECBFB96}.Release|Any CPU.ActiveCfg = Release|Any CPU
		{85DEF83C-98C1-412F-BE27-7BDDEECBFB96}.Release|Any CPU.Build.0 = Release|Any CPU
	EndGlobalSection
	GlobalSection(SolutionProperties) = preSolution
		HideSolutionNode = FALSE
	EndGlobalSection
	GlobalSection(ExtensibilityGlobals) = postSolution
		SolutionGuid = {5906A681-A3CC-4E43-BF2F-B81E7F71E756}
	EndGlobalSection
EndGlobal
