
Microsoft Visual Studio Solution File, Format Version 12.00
# Visual Studio Version 16
VisualStudioVersion = 16.0.30717.126
MinimumVisualStudioVersion = 10.0.40219.1
Project("{9A19103F-16F7-4668-BE54-9A1E7A4F7556}") = "VirtualUniverse.ModelResultStandard", "VirtualUniverse.ModelResultStandardStandard\VirtualUniverse.ModelResultStandard.csproj", "{780AB6D1-9DF2-4F31-83F3-17AEAB2BD1BF}"
EndProject
Global
	GlobalSection(SolutionConfigurationPlatforms) = preSolution
		Debug|Any CPU = Debug|Any CPU
		Release|Any CPU = Release|Any CPU
	EndGlobalSection
	GlobalSection(ProjectConfigurationPlatforms) = postSolution
		{780AB6D1-9DF2-4F31-83F3-17AEAB2BD1BF}.Debug|Any CPU.ActiveCfg = Debug|Any CPU
		{780AB6D1-9DF2-4F31-83F3-17AEAB2BD1BF}.Debug|Any CPU.Build.0 = Debug|Any CPU
		{780AB6D1-9DF2-4F31-83F3-17AEAB2BD1BF}.Release|Any CPU.ActiveCfg = Release|Any CPU
		{780AB6D1-9DF2-4F31-83F3-17AEAB2BD1BF}.Release|Any CPU.Build.0 = Release|Any CPU
	EndGlobalSection
	GlobalSection(SolutionProperties) = preSolution
		HideSolutionNode = FALSE
	EndGlobalSection
	GlobalSection(ExtensibilityGlobals) = postSolution
		SolutionGuid = {D064D85F-358E-4A20-9E86-A88C84EBDFC4}
	EndGlobalSection
EndGlobal
