
Microsoft Visual Studio Solution File, Format Version 12.00
# Visual Studio Version 16
VisualStudioVersion = 16.0.30503.244
MinimumVisualStudioVersion = 10.0.40219.1
Project("{9A19103F-16F7-4668-BE54-9A1E7A4F7556}") = "VirtualUniverse.Configuration", "VirtualUniverse.Configuration\VirtualUniverse.Configuration.csproj", "{CF933CF7-75B2-4641-9A3B-BFC3A788AD62}"
EndProject
Project("{9A19103F-16F7-4668-BE54-9A1E7A4F7556}") = "Test", "Test\Test.csproj", "{90707977-BF46-40C6-BF77-84C5AFD987CE}"
EndProject
Global
	GlobalSection(SolutionConfigurationPlatforms) = preSolution
		Debug|Any CPU = Debug|Any CPU
		Release|Any CPU = Release|Any CPU
	EndGlobalSection
	GlobalSection(ProjectConfigurationPlatforms) = postSolution
		{CF933CF7-75B2-4641-9A3B-BFC3A788AD62}.Debug|Any CPU.ActiveCfg = Debug|Any CPU
		{CF933CF7-75B2-4641-9A3B-BFC3A788AD62}.Debug|Any CPU.Build.0 = Debug|Any CPU
		{CF933CF7-75B2-4641-9A3B-BFC3A788AD62}.Release|Any CPU.ActiveCfg = Release|Any CPU
		{CF933CF7-75B2-4641-9A3B-BFC3A788AD62}.Release|Any CPU.Build.0 = Release|Any CPU
		{90707977-BF46-40C6-BF77-84C5AFD987CE}.Debug|Any CPU.ActiveCfg = Debug|Any CPU
		{90707977-BF46-40C6-BF77-84C5AFD987CE}.Debug|Any CPU.Build.0 = Debug|Any CPU
		{90707977-BF46-40C6-BF77-84C5AFD987CE}.Release|Any CPU.ActiveCfg = Release|Any CPU
		{90707977-BF46-40C6-BF77-84C5AFD987CE}.Release|Any CPU.Build.0 = Release|Any CPU
	EndGlobalSection
	GlobalSection(SolutionProperties) = preSolution
		HideSolutionNode = FALSE
	EndGlobalSection
	GlobalSection(ExtensibilityGlobals) = postSolution
		SolutionGuid = {3CEC9DDD-F6DF-4640-ADDF-52ABD44EA6DA}
	EndGlobalSection
EndGlobal
