
Microsoft Visual Studio Solution File, Format Version 12.00
# Visual Studio Version 16
VisualStudioVersion = 16.0.30503.244
MinimumVisualStudioVersion = 10.0.40219.1
Project("{9A19103F-16F7-4668-BE54-9A1E7A4F7556}") = "Test", "Test\Test.csproj", "{8A7368BB-B4E3-47B5-A397-968855DC1F3B}"
EndProject
Project("{9A19103F-16F7-4668-BE54-9A1E7A4F7556}") = "VirtualUniverse.Repository.Model", "VirtualUniverse.Repository.Model\VirtualUniverse.Repository.Model.csproj", "{E97311CF-E31D-44CC-AA99-F83192ED73BD}"
EndProject
Project("{9A19103F-16F7-4668-BE54-9A1E7A4F7556}") = "VirtualUniverse.Repository.Dapper", "VirtualUniverse.Repository.Dapper\VirtualUniverse.Repository.Dapper.csproj", "{BA242AB6-1C9B-4EBD-8B41-0452920DC435}"
EndProject
Project("{9A19103F-16F7-4668-BE54-9A1E7A4F7556}") = "VirtualUniverse.Repository.EFCore", "VirtualUniverse.Repository.EFCore\VirtualUniverse.Repository.EFCore.csproj", "{4124F4C7-E7E4-46F4-9FBD-22811F36B0CF}"
EndProject
Project("{9A19103F-16F7-4668-BE54-9A1E7A4F7556}") = "VirtualUniverse.Repository.Mongo", "VirtualUniverse.Repository.Mongo\VirtualUniverse.Repository.Mongo.csproj", "{71BA15B4-930F-4CC5-9D8A-E2DC1F0488C7}"
EndProject
Project("{9A19103F-16F7-4668-BE54-9A1E7A4F7556}") = "VirtualUniverse.Repository.Redis", "VirtualUniverse.Repository.Redis\VirtualUniverse.Repository.Redis.csproj", "{905D28DA-5BE4-4D4F-BB1F-153E31F787E0}"
EndProject
Project("{9A19103F-16F7-4668-BE54-9A1E7A4F7556}") = "VirtualUniverse.Repository.SqlSugar", "VirtualUniverse.Repository.SqlSugar\VirtualUniverse.Repository.SqlSugar.csproj", "{48797288-7BDD-450A-A844-2E92AFB93258}"
EndProject
Project("{9A19103F-16F7-4668-BE54-9A1E7A4F7556}") = "VirtualUniverse.Repository.Redis.Test", "VirtualUniverse.Repository.Redis.Test\VirtualUniverse.Repository.Redis.Test.csproj", "{0CA4A9C5-33DC-4F12-84BB-46F3D860293B}"
EndProject
Project("{9A19103F-16F7-4668-BE54-9A1E7A4F7556}") = "VirtualUniverse.Repository.SqlSugarTest", "VirtualUniverse.Repository.SqlSugarTest\VirtualUniverse.Repository.SqlSugarTest.csproj", "{796312F8-71FB-447A-A092-8EFCCB58E1A5}"
EndProject
Global
	GlobalSection(SolutionConfigurationPlatforms) = preSolution
		Debug|Any CPU = Debug|Any CPU
		Release|Any CPU = Release|Any CPU
	EndGlobalSection
	GlobalSection(ProjectConfigurationPlatforms) = postSolution
		{8A7368BB-B4E3-47B5-A397-968855DC1F3B}.Debug|Any CPU.ActiveCfg = Debug|Any CPU
		{8A7368BB-B4E3-47B5-A397-968855DC1F3B}.Debug|Any CPU.Build.0 = Debug|Any CPU
		{8A7368BB-B4E3-47B5-A397-968855DC1F3B}.Release|Any CPU.ActiveCfg = Release|Any CPU
		{8A7368BB-B4E3-47B5-A397-968855DC1F3B}.Release|Any CPU.Build.0 = Release|Any CPU
		{E97311CF-E31D-44CC-AA99-F83192ED73BD}.Debug|Any CPU.ActiveCfg = Debug|Any CPU
		{E97311CF-E31D-44CC-AA99-F83192ED73BD}.Debug|Any CPU.Build.0 = Debug|Any CPU
		{E97311CF-E31D-44CC-AA99-F83192ED73BD}.Release|Any CPU.ActiveCfg = Release|Any CPU
		{E97311CF-E31D-44CC-AA99-F83192ED73BD}.Release|Any CPU.Build.0 = Release|Any CPU
		{BA242AB6-1C9B-4EBD-8B41-0452920DC435}.Debug|Any CPU.ActiveCfg = Debug|Any CPU
		{BA242AB6-1C9B-4EBD-8B41-0452920DC435}.Debug|Any CPU.Build.0 = Debug|Any CPU
		{BA242AB6-1C9B-4EBD-8B41-0452920DC435}.Release|Any CPU.ActiveCfg = Release|Any CPU
		{BA242AB6-1C9B-4EBD-8B41-0452920DC435}.Release|Any CPU.Build.0 = Release|Any CPU
		{4124F4C7-E7E4-46F4-9FBD-22811F36B0CF}.Debug|Any CPU.ActiveCfg = Debug|Any CPU
		{4124F4C7-E7E4-46F4-9FBD-22811F36B0CF}.Debug|Any CPU.Build.0 = Debug|Any CPU
		{4124F4C7-E7E4-46F4-9FBD-22811F36B0CF}.Release|Any CPU.ActiveCfg = Release|Any CPU
		{4124F4C7-E7E4-46F4-9FBD-22811F36B0CF}.Release|Any CPU.Build.0 = Release|Any CPU
		{71BA15B4-930F-4CC5-9D8A-E2DC1F0488C7}.Debug|Any CPU.ActiveCfg = Debug|Any CPU
		{71BA15B4-930F-4CC5-9D8A-E2DC1F0488C7}.Debug|Any CPU.Build.0 = Debug|Any CPU
		{71BA15B4-930F-4CC5-9D8A-E2DC1F0488C7}.Release|Any CPU.ActiveCfg = Release|Any CPU
		{71BA15B4-930F-4CC5-9D8A-E2DC1F0488C7}.Release|Any CPU.Build.0 = Release|Any CPU
		{905D28DA-5BE4-4D4F-BB1F-153E31F787E0}.Debug|Any CPU.ActiveCfg = Debug|Any CPU
		{905D28DA-5BE4-4D4F-BB1F-153E31F787E0}.Debug|Any CPU.Build.0 = Debug|Any CPU
		{905D28DA-5BE4-4D4F-BB1F-153E31F787E0}.Release|Any CPU.ActiveCfg = Release|Any CPU
		{905D28DA-5BE4-4D4F-BB1F-153E31F787E0}.Release|Any CPU.Build.0 = Release|Any CPU
		{48797288-7BDD-450A-A844-2E92AFB93258}.Debug|Any CPU.ActiveCfg = Debug|Any CPU
		{48797288-7BDD-450A-A844-2E92AFB93258}.Debug|Any CPU.Build.0 = Debug|Any CPU
		{48797288-7BDD-450A-A844-2E92AFB93258}.Release|Any CPU.ActiveCfg = Release|Any CPU
		{48797288-7BDD-450A-A844-2E92AFB93258}.Release|Any CPU.Build.0 = Release|Any CPU
		{0CA4A9C5-33DC-4F12-84BB-46F3D860293B}.Debug|Any CPU.ActiveCfg = Debug|Any CPU
		{0CA4A9C5-33DC-4F12-84BB-46F3D860293B}.Debug|Any CPU.Build.0 = Debug|Any CPU
		{0CA4A9C5-33DC-4F12-84BB-46F3D860293B}.Release|Any CPU.ActiveCfg = Release|Any CPU
		{0CA4A9C5-33DC-4F12-84BB-46F3D860293B}.Release|Any CPU.Build.0 = Release|Any CPU
		{796312F8-71FB-447A-A092-8EFCCB58E1A5}.Debug|Any CPU.ActiveCfg = Debug|Any CPU
		{796312F8-71FB-447A-A092-8EFCCB58E1A5}.Debug|Any CPU.Build.0 = Debug|Any CPU
		{796312F8-71FB-447A-A092-8EFCCB58E1A5}.Release|Any CPU.ActiveCfg = Release|Any CPU
		{796312F8-71FB-447A-A092-8EFCCB58E1A5}.Release|Any CPU.Build.0 = Release|Any CPU
	EndGlobalSection
	GlobalSection(SolutionProperties) = preSolution
		HideSolutionNode = FALSE
	EndGlobalSection
	GlobalSection(ExtensibilityGlobals) = postSolution
		SolutionGuid = {77D834F0-3DC3-4EA3-8227-471023381F01}
	EndGlobalSection
EndGlobal
