
Microsoft Visual Studio Solution File, Format Version 12.00
# Visual Studio Version 16
VisualStudioVersion = 16.0.30717.126
MinimumVisualStudioVersion = 10.0.40219.1
Project("{9A19103F-16F7-4668-BE54-9A1E7A4F7556}") = "VirtualUniverse.VerifyCode", "VirtualUniverse.VerifyCode\VirtualUniverse.VerifyCode.csproj", "{C5CD88BD-6EA3-4FF7-96A6-434A4645642A}"
EndProject
Global
	GlobalSection(SolutionConfigurationPlatforms) = preSolution
		Debug|Any CPU = Debug|Any CPU
		Release|Any CPU = Release|Any CPU
	EndGlobalSection
	GlobalSection(ProjectConfigurationPlatforms) = postSolution
		{C5CD88BD-6EA3-4FF7-96A6-434A4645642A}.Debug|Any CPU.ActiveCfg = Debug|Any CPU
		{C5CD88BD-6EA3-4FF7-96A6-434A4645642A}.Debug|Any CPU.Build.0 = Debug|Any CPU
		{C5CD88BD-6EA3-4FF7-96A6-434A4645642A}.Release|Any CPU.ActiveCfg = Release|Any CPU
		{C5CD88BD-6EA3-4FF7-96A6-434A4645642A}.Release|Any CPU.Build.0 = Release|Any CPU
	EndGlobalSection
	GlobalSection(SolutionProperties) = preSolution
		HideSolutionNode = FALSE
	EndGlobalSection
	GlobalSection(ExtensibilityGlobals) = postSolution
		SolutionGuid = {A0714992-1544-4A91-8438-F475155DFBE9}
	EndGlobalSection
EndGlobal
